# Frozen CPU-only paper environment for Linux x86_64 and Python 3.11.
# Regenerate only as a reviewed artifact change; final runs record this file's SHA-256.
aiofiles==24.1.0
aiohappyeyeballs==2.6.2
aiohttp==3.13.5
aiosignal==1.4.0
annotated-types==0.7.0
anyio==4.13.0
ast_serialize==0.6.0
attrs==26.1.0
aurelio-sdk==0.0.19
build==1.3.0
certifi==2026.5.20
charset-normalizer==3.4.7
click==8.4.1
colorama==0.4.6
coloredlogs==15.0.1
colorlog==6.10.1
datasets==4.8.5
dill==0.4.1
distro==1.9.0
faiss-cpu==1.14.3
fastembed==0.8.0
fastuuid==0.14.0
filelock==3.29.0
flatbuffers==25.12.19
frozenlist==1.8.0
fsspec==2026.2.0
h11==0.16.0
hatchling==1.25.0
hf-xet==1.5.2
httpcore==1.0.9
httpx==0.28.1
huggingface_hub==0.36.2
humanfriendly==10.0
idna==3.17
importlib_metadata==8.9.0
iniconfig==2.3.0
Jinja2==3.1.6
jiter==0.15.0
joblib==1.5.3
jsonschema==4.26.0
jsonschema-specifications==2025.9.1
librt==0.13.0
litellm==1.92.0
loguru==0.7.3
MarkupSafe==3.0.3
mmh3==5.2.1
mpmath==1.3.0
multidict==6.7.1
multiprocess==0.70.19
mypy==2.2.0
mypy_extensions==1.1.0
numpy==1.26.4
onnxruntime==1.23.2
openai==2.45.0
packaging==23.2
pandas==2.3.3
pathspec==1.1.1
pillow==12.2.0
pluggy==1.6.0
propcache==0.5.2
protobuf==5.29.6
psutil==7.2.2
py_rust_stemmers==0.1.8
pyarrow==25.0.0
pydantic==2.13.4
pydantic_core==2.46.4
Pygments==2.20.0
pyproject_hooks==1.2.0
pytest==9.1.1
pytest-asyncio==1.4.0
pytest-timeout==2.4.0
python-dateutil==2.9.0.post0
python-dotenv==1.0.1
pytz==2026.2
PyYAML==6.0.3
referencing==0.37.0
regex==2026.5.9
requests==2.34.2
requests-toolbelt==1.0.0
rpds-py==0.30.0
ruff==0.15.21
scikit-learn==1.7.2
scipy==1.15.3
semantic-router==0.1.15
six==1.17.0
sniffio==1.3.1
sympy==1.14.0
threadpoolctl==3.6.0
tiktoken==0.13.0
tokenizers==0.22.2
tornado==6.5.7
tqdm==4.67.3
trove-classifiers==2026.6.1.19
typing_extensions==4.15.0
typing-inspection==0.4.2
tzdata==2026.3
urllib3==2.7.0
xxhash==3.8.1
yarl==1.24.2
zipp==4.1.0
